
Microsoft Visual Studio Solution File, Format Version 12.00
# Visual Studio Version 16
VisualStudioVersion = 16.0.29905.134
MinimumVisualStudioVersion = 10.0.40219.1
Project("{FAE04EC0-301F-11D3-BF4B-00C04F79EFBC}") = "SergeysApp", "SergeysApp\SergeysApp.csproj", "{283DC870-3BC5-4118-822D-DB74498E2465}"
EndProject
Global
	GlobalSection(SolutionConfigurationPlatforms) = preSolution
		Debug|Any CPU = Debug|Any CPU
		Release|Any CPU = Release|Any CPU
	EndGlobalSection
	GlobalSection(ProjectConfigurationPlatforms) = postSolution
		{283DC870-3BC5-4118-822D-DB74498E2465}.Debug|Any CPU.ActiveCfg = Debug|Any CPU
		{283DC870-3BC5-4118-822D-DB74498E2465}.Debug|Any CPU.Build.0 = Debug|Any CPU
		{283DC870-3BC5-4118-822D-DB74498E2465}.Release|Any CPU.ActiveCfg = Release|Any CPU
		{283DC870-3BC5-4118-822D-DB74498E2465}.Release|Any CPU.Build.0 = Release|Any CPU
	EndGlobalSection
	GlobalSection(SolutionProperties) = preSolution
		HideSolutionNode = FALSE
	EndGlobalSection
	GlobalSection(ExtensibilityGlobals) = postSolution
		SolutionGuid = {81D8315E-9644-4CD5-8967-E795609F7980}
	EndGlobalSection
EndGlobal
